// !$*UTF8*$!
{
	archiveVersion = 1;
	classes = {
	};
	objectVersion = 46;
	objects = {

/* Begin PBXBuildFile section */
		694DDAEB1D242FDD00929B9B /* AppDelegate.swift in Sources */ = {isa = PBXBuildFile; fileRef = 694DDAEA1D242FDD00929B9B /* AppDelegate.swift */; };
		694DDAED1D242FDD00929B9B /* ViewController.swift in Sources */ = {isa = PBXBuildFile; fileRef = 694DDAEC1D242FDD00929B9B /* ViewController.swift */; };
		694DDAF01D242FDD00929B9B /* Main.storyboard in Resources */ = {isa = PBXBuildFile; fileRef = 694DDAEE1D242FDD00929B9B /* Main.storyboard */; };
		694DDAF21D242FDD00929B9B /* Assets.xcassets in Resources */ = {isa = PBXBuildFile; fileRef = 694DDAF11D242FDD00929B9B /* Assets.xcassets */; };
		694DDAF51D242FDD00929B9B /* LaunchScreen.storyboard in Resources */ = {isa = PBXBuildFile; fileRef = 694DDAF31D242FDD00929B9B /* LaunchScreen.storyboard */; };
/* End PBXBuildFile section */

/* Begin PBXFileReference section */
		694DDAE71D242FDD00929B9B /* animation test.app */ = {isa = PBXFileReference; explicitFileType = wrapper.application; includeInIndex = 0; path = "animation test.app"; sourceTree = BUILT_PRODUCTS_DIR; };
		694DDAEA1D242FDD00929B9B /* AppDelegate.swift */ = {isa = PBXFileReference; lastKnownFileType = sourcecode.swift; path = AppDelegate.swift; sourceTree = "<group>"; };
		694DDAEC1D242FDD00929B9B /* ViewController.swift */ = {isa = PBXFileReference; lastKnownFileType = sourcecode.swift; path = ViewController.swift; sourceTree = "<group>"; };
		694DDAEF1D242FDD00929B9B /* Base */ = {isa = PBXFileReference; lastKnownFileType = file.storyboard; name = Base; path = Base.lproj/Main.storyboard; sourceTree = "<group>"; };
		694DDAF11D242FDD00929B9B /* Assets.xcassets */ = {isa = PBXFileReference; lastKnownFileType = folder.assetcatalog; path = Assets.xcassets; sourceTree = "<group>"; };
		694DDAF41D242FDD00929B9B /* Base */ = {isa = PBXFileReference; lastKnownFileType = file.storyboard; name = Base; path = Base.lproj/LaunchScreen.storyboard; sourceTree = "<group>"; };
		694DDAF61D242FDD00929B9B /* Info.plist */ = {isa = PBXFileReference; lastKnownFileType = text.plist.xml; path = Info.plist; sourceTree = "<group>"; };
/* End PBXFileReference section */

/* Begin PBXFrameworksBuildPhase section */
		694DDAE41D242FDD00929B9B /* Frameworks */ = {
			isa = PBXFrameworksBuildPhase;
			buildActionMask = 2147483647;
			files = (
			);
			runOnlyForDeploymentPostprocessing = 0;
		};
/* End PBXFrameworksBuildPhase section */

/* Begin PBXGroup section */
		694DDADE1D242FDD00929B9B = {
			isa = PBXGroup;
			children = (
				694DDAE91D242FDD00929B9B /* animation test */,
				694DDAE81D242FDD00929B9B /* Products */,
			);
			sourceTree = "<group>";
		};
		694DDAE81D242FDD00929B9B /* Products */ = {
			isa = PBXGroup;
			children = (
				694DDAE71D242FDD00929B9B /* animation test.app */,
			);
			name = Products;
			sourceTree = "<group>";
		};
		694DDAE91D242FDD00929B9B /* animation test */ = {
			isa = PBXGroup;
			children = (
				694DDAEA1D242FDD00929B9B /* AppDelegate.swift */,
				694DDAEC1D242FDD00929B9B /* ViewController.swift */,
				694DDAEE1D242FDD00929B9B /* Main.storyboard */,
				694DDAF11D242FDD00929B9B /* Assets.xcassets */,
				694DDAF31D242FDD00929B9B /* LaunchScreen.storyboard */,
				694DDAF61D242FDD00929B9B /* Info.plist */,
			);
			path = "animation test";
			sourceTree = "<group>";
		};
/* End PBXGroup section */

/* Begin PBXNativeTarget section */
		694DDAE61D242FDD00929B9B /* animation test */ = {
			isa = PBXNativeTarget;
			buildConfigurationList = 694DDAF91D242FDD00929B9B /* Build configuration list for PBXNativeTarget "animation test" */;
			buildPhases = (
				694DDAE31D242FDD00929B9B /* Sources */,
				694DDAE41D242FDD00929B9B /* Frameworks */,
				694DDAE51D242FDD00929B9B /* Resources */,
			);
			buildRules = (
			);
			dependencies = (
			);
			name = "animation test";
			productName = "animation test";
			productReference = 694DDAE71D242FDD00929B9B /* animation test.app */;
			productType = "com.apple.product-type.application";
		};
/* End PBXNativeTarget section */

/* Begin PBXProject section */
		694DDADF1D242FDD00929B9B /* Project object */ = {
			isa = PBXProject;
			attributes = {
				LastSwiftUpdateCheck = 0730;
				LastUpgradeCheck = 0730;
				ORGANIZATIONNAME = "Derek Graham";
				TargetAttributes = {
					694DDAE61D242FDD00929B9B = {
						CreatedOnToolsVersion = 7.3.1;
					};
				};
			};
			buildConfigurationList = 694DDAE21D242FDD00929B9B /* Build configuration list for PBXProject "animation test" */;
			compatibilityVersion = "Xcode 3.2";
			developmentRegion = English;
			hasScannedForEncodings = 0;
			knownRegions = (
				en,
				Base,
			);
			mainGroup = 694DDADE1D242FDD00929B9B;
			productRefGroup = 694DDAE81D242FDD00929B9B /* Products */;
			projectDirPath = "";
			projectRoot = "";
			targets = (
				694DDAE61D242FDD00929B9B /* animation test */,
			);
		};
/* End PBXProject section */

/* Begin PBXResourcesBuildPhase section */
		694DDAE51D242FDD00929B9B /* Resources */ = {
			isa = PBXResourcesBuildPhase;
			buildActionMask = 2147483647;
			files = (
				694DDAF51D242FDD00929B9B /* LaunchScreen.storyboard in Resources */,
				694DDAF21D242FDD00929B9B /* Assets.xcassets in Resources */,
				694DDAF01D242FDD00929B9B /* Main.storyboard in Resources */,
			);
			runOnlyForDeploymentPostprocessing = 0;
		};
/* End PBXResourcesBuildPhase section */

/* Begin PBXSourcesBuildPhase section */
		694DDAE31D242FDD00929B9B /* Sources */ = {
			isa = PBXSourcesBuildPhase;
			buildActionMask = 2147483647;
			files = (
				694DDAED1D242FDD00929B9B /* ViewController.swift in Sources */,
				694DDAEB1D242FDD00929B9B /* AppDelegate.swift in Sources */,
			);
			runOnlyForDeploymentPostprocessing = 0;
		};
/* End PBXSourcesBuildPhase section */

/* Begin PBXVariantGroup section */
		694DDAEE1D242FDD00929B9B /* Main.storyboard */ = {
			isa = PBXVariantGroup;
			children = (
				694DDAEF1D242FDD00929B9B /* Base */,
			);
			name = Main.storyboard;
			sourceTree = "<group>";
		};
		694DDAF31D242FDD00929B9B /* LaunchScreen.storyboard */ = {
			isa = PBXVariantGroup;
			children = (
				694DDAF41D242FDD00929B9B /* Base */,
			);
			name = LaunchScreen.storyboard;
			sourceTree = "<group>";
		};
/* End PBXVariantGroup section */

/* Begin XCBuildConfiguration section */
		694DDAF71D242FDD00929B9B /* Debug */ = {
			isa = XCBuildConfiguration;
			buildSettings = {
				ALWAYS_SEARCH_USER_PATHS = NO;
				CLANG_ANALYZER_NONNULL = YES;
				CLANG_CXX_LANGUAGE_STANDARD = "gnu++0x";
				CLANG_CXX_LIBRARY = "libc++";
				CLANG_ENABLE_MODULES = YES;
				CLANG_ENABLE_OBJC_ARC = YES;
				CLANG_WARN_BOOL_CONVERSION = YES;
				CLANG_WARN_CONSTANT_CONVERSION = YES;
				CLANG_WARN_DIRECT_OBJC_ISA_USAGE = YES_ERROR;
				CLANG_WARN_EMPTY_BODY = YES;
				CLANG_WARN_ENUM_CONVERSION = YES;
				CLANG_WARN_INT_CONVERSION = YES;
				CLANG_WARN_OBJC_ROOT_CLASS = YES_ERROR;
				CLANG_WARN_UNREACHABLE_CODE = YES;
				CLANG_WARN__DUPLICATE_METHOD_MATCH = YES;
				"CODE_SIGN_IDENTITY[sdk=iphoneos*]" = "iPhone Developer";
				COPY_PHASE_STRIP = NO;
				DEBUG_INFORMATION_FORMAT = dwarf;
				ENABLE_STRICT_OBJC_MSGSEND = YES;
				ENABLE_TESTABILITY = YES;
				GCC_C_LANGUAGE_STANDARD = gnu99;
				GCC_DYNAMIC_NO_PIC = NO;
				GCC_NO_COMMON_BLOCKS = YES;
				GCC_OPTIMIZATION_LEVEL = 0;
				GCC_PREPROCESSOR_DEFINITIONS = (
					"DEBUG=1",
					"$(inherited)",
				);
				GCC_WARN_64_TO_32_BIT_CONVERSION = YES;
				GCC_WARN_ABOUT_RETURN_TYPE = YES_ERROR;
				GCC_WARN_UNDECLARED_SELECTOR = YES;
				GCC_WARN_UNINITIALIZED_AUTOS = YES_AGGRESSIVE;
				GCC_WARN_UNUSED_FUNCTION = YES;
				GCC_WARN_UNUSED_VARIABLE = YES;
				IPHONEOS_DEPLOYMENT_TARGET = 9.3;
				MTL_ENABLE_DEBUG_INFO = YES;
				ONLY_ACTIVE_ARCH = YES;
				SDKROOT = iphoneos;
				SWIFT_OPTIMIZATION_LEVEL = "-Onone";
				TARGETED_DEVICE_FAMILY = "1,2";
			};
			name = Debug;
		};
		694DDAF81D242FDD00929B9B /* Release */ = {
			isa = XCBuildConfiguration;
			buildSettings = {
				ALWAYS_SEARCH_USER_PATHS = NO;
				CLANG_ANALYZER_NONNULL = YES;
				CLANG_CXX_LANGUAGE_STANDARD = "gnu++0x";
				CLANG_CXX_LIBRARY = "libc++";
				CLANG_ENABLE_MODULES = YES;
				CLANG_ENABLE_OBJC_ARC = YES;
				CLANG_WARN_BOOL_CONVERSION = YES;
				CLANG_WARN_CONSTANT_CONVERSION = YES;
				CLANG_WARN_DIRECT_OBJC_ISA_USAGE = YES_ERROR;
				CLANG_WARN_EMPTY_BODY = YES;
				CLANG_WARN_ENUM_CONVERSION = YES;
				CLANG_WARN_INT_CONVERSION = YES;
				CLANG_WARN_OBJC_ROOT_CLASS = YES_ERROR;
				CLANG_WARN_UNREACHABLE_CODE = YES;
				CLANG_WARN__DUPLICATE_METHOD_MATCH = YES;
				"CODE_SIGN_IDENTITY[sdk=iphoneos*]" = "iPhone Developer";
				COPY_PHASE_STRIP = NO;
				DEBUG_INFORMATION_FORMAT = "dwarf-with-dsym";
				ENABLE_NS_ASSERTIONS = NO;
				ENABLE_STRICT_OBJC_MSGSEND = YES;
				GCC_C_LANGUAGE_STANDARD = gnu99;
				GCC_NO_COMMON_BLOCKS = YES;
				GCC_WARN_64_TO_32_BIT_CONVERSION = YES;
				GCC_WARN_ABOUT_RETURN_TYPE = YES_ERROR;
				GCC_WARN_UNDECLARED_SELECTOR = YES;
				GCC_WARN_UNINITIALIZED_AUTOS = YES_AGGRESSIVE;
				GCC_WARN_UNUSED_FUNCTION = YES;
				GCC_WARN_UNUSED_VARIABLE = YES;
				IPHONEOS_DEPLOYMENT_TARGET = 9.3;
				MTL_ENABLE_DEBUG_INFO = NO;
				SDKROOT = iphoneos;
				TARGETED_DEVICE_FAMILY = "1,2";
				VALIDATE_PRODUCT = YES;
			};
			name = Release;
		};
		694DDAFA1D242FDD00929B9B /* Debug */ = {
			isa = XCBuildConfiguration;
			buildSettings = {
				ASSETCATALOG_COMPILER_APPICON_NAME = AppIcon;
				INFOPLIST_FILE = "animation test/Info.plist";
				LD_RUNPATH_SEARCH_PATHS = "$(inherited) @executable_path/Frameworks";
				PRODUCT_BUNDLE_IDENTIFIER = "com.derekgraham.animation-test";
				PRODUCT_NAME = "$(TARGET_NAME)";
			};
			name = Debug;
		};
		694DDAFB1D242FDD00929B9B /* Release */ = {
			isa = XCBuildConfiguration;
			buildSettings = {
				ASSETCATALOG_COMPILER_APPICON_NAME = AppIcon;
				INFOPLIST_FILE = "animation test/Info.plist";
				LD_RUNPATH_SEARCH_PATHS = "$(inherited) @executable_path/Frameworks";
				PRODUCT_BUNDLE_IDENTIFIER = "com.derekgraham.animation-test";
				PRODUCT_NAME = "$(TARGET_NAME)";
			};
			name = Release;
		};
/* End XCBuildConfiguration section */

/* Begin XCConfigurationList section */
		694DDAE21D242FDD00929B9B /* Build configuration list for PBXProject "animation test" */ = {
			isa = XCConfigurationList;
			buildConfigurations = (
				694DDAF71D242FDD00929B9B /* Debug */,
				694DDAF81D242FDD00929B9B /* Release */,
			);
			defaultConfigurationIsVisible = 0;
			defaultConfigurationName = Release;
		};
		694DDAF91D242FDD00929B9B /* Build configuration list for PBXNativeTarget "animation test" */ = {
			isa = XCConfigurationList;
			buildConfigurations = (
				694DDAFA1D242FDD00929B9B /* Debug */,
				694DDAFB1D242FDD00929B9B /* Release */,
			);
			defaultConfigurationIsVisible = 0;
		};
/* End XCConfigurationList section */
	};
	rootObject = 694DDADF1D242FDD00929B9B /* Project object */;
}
