// !$*UTF8*$!
{
	archiveVersion = 1;
	classes = {
	};
	objectVersion = 46;
	objects = {

/* Begin PBXBuildFile section */
		EED8C46C1D21994B00CF5AD7 /* AppDelegate.swift in Sources */ = {isa = PBXBuildFile; fileRef = EED8C46B1D21994B00CF5AD7 /* AppDelegate.swift */; };
		EED8C46E1D21994B00CF5AD7 /* ViewController.swift in Sources */ = {isa = PBXBuildFile; fileRef = EED8C46D1D21994B00CF5AD7 /* ViewController.swift */; };
		EED8C4711D21994B00CF5AD7 /* Main.storyboard in Resources */ = {isa = PBXBuildFile; fileRef = EED8C46F1D21994B00CF5AD7 /* Main.storyboard */; };
		EED8C4731D21994B00CF5AD7 /* Assets.xcassets in Resources */ = {isa = PBXBuildFile; fileRef = EED8C4721D21994B00CF5AD7 /* Assets.xcassets */; };
		EED8C4761D21994B00CF5AD7 /* LaunchScreen.storyboard in Resources */ = {isa = PBXBuildFile; fileRef = EED8C4741D21994B00CF5AD7 /* LaunchScreen.storyboard */; };
		EED8C47E1D219A5F00CF5AD7 /* GItHubOauth.swift in Sources */ = {isa = PBXBuildFile; fileRef = EED8C47D1D219A5F00CF5AD7 /* GItHubOauth.swift */; };
		EED8C4801D219D5300CF5AD7 /* Credentials.swift in Sources */ = {isa = PBXBuildFile; fileRef = EED8C47F1D219D5300CF5AD7 /* Credentials.swift */; };
		EED8C4DC1D22F5CC00CF5AD7 /* images.png in Resources */ = {isa = PBXBuildFile; fileRef = EED8C4DB1D22F5CC00CF5AD7 /* images.png */; };
		EED8C4DE1D22F71E00CF5AD7 /* Setup.swift in Sources */ = {isa = PBXBuildFile; fileRef = EED8C4DD1D22F71E00CF5AD7 /* Setup.swift */; };
		EED8C4E11D22FA5E00CF5AD7 /* HomeViewController.swift in Sources */ = {isa = PBXBuildFile; fileRef = EED8C4E01D22FA5E00CF5AD7 /* HomeViewController.swift */; };
		EED8C4E31D23035500CF5AD7 /* API.swift in Sources */ = {isa = PBXBuildFile; fileRef = EED8C4E21D23035500CF5AD7 /* API.swift */; };
		EED8C4E51D23078000CF5AD7 /* Repository.swift in Sources */ = {isa = PBXBuildFile; fileRef = EED8C4E41D23078000CF5AD7 /* Repository.swift */; };
		EED8C4E71D23078E00CF5AD7 /* Owner.swift in Sources */ = {isa = PBXBuildFile; fileRef = EED8C4E61D23078E00CF5AD7 /* Owner.swift */; };
		EED8C4E91D23138D00CF5AD7 /* Additions.swift in Sources */ = {isa = PBXBuildFile; fileRef = EED8C4E81D23138D00CF5AD7 /* Additions.swift */; };
/* End PBXBuildFile section */

/* Begin PBXFileReference section */
		EED8C4681D21994B00CF5AD7 /* GoGoGithub.app */ = {isa = PBXFileReference; explicitFileType = wrapper.application; includeInIndex = 0; path = GoGoGithub.app; sourceTree = BUILT_PRODUCTS_DIR; };
		EED8C46B1D21994B00CF5AD7 /* AppDelegate.swift */ = {isa = PBXFileReference; lastKnownFileType = sourcecode.swift; path = AppDelegate.swift; sourceTree = "<group>"; };
		EED8C46D1D21994B00CF5AD7 /* ViewController.swift */ = {isa = PBXFileReference; lastKnownFileType = sourcecode.swift; path = ViewController.swift; sourceTree = "<group>"; };
		EED8C4701D21994B00CF5AD7 /* Base */ = {isa = PBXFileReference; lastKnownFileType = file.storyboard; name = Base; path = Base.lproj/Main.storyboard; sourceTree = "<group>"; };
		EED8C4721D21994B00CF5AD7 /* Assets.xcassets */ = {isa = PBXFileReference; lastKnownFileType = folder.assetcatalog; path = Assets.xcassets; sourceTree = "<group>"; };
		EED8C4751D21994B00CF5AD7 /* Base */ = {isa = PBXFileReference; lastKnownFileType = file.storyboard; name = Base; path = Base.lproj/LaunchScreen.storyboard; sourceTree = "<group>"; };
		EED8C4771D21994B00CF5AD7 /* Info.plist */ = {isa = PBXFileReference; lastKnownFileType = text.plist.xml; path = Info.plist; sourceTree = "<group>"; };
		EED8C47D1D219A5F00CF5AD7 /* GItHubOauth.swift */ = {isa = PBXFileReference; fileEncoding = 4; lastKnownFileType = sourcecode.swift; path = GItHubOauth.swift; sourceTree = "<group>"; };
		EED8C47F1D219D5300CF5AD7 /* Credentials.swift */ = {isa = PBXFileReference; fileEncoding = 4; lastKnownFileType = sourcecode.swift; path = Credentials.swift; sourceTree = "<group>"; };
		EED8C4DB1D22F5CC00CF5AD7 /* images.png */ = {isa = PBXFileReference; lastKnownFileType = image.png; name = images.png; path = GoGoGithub/images.png; sourceTree = "<group>"; };
		EED8C4DD1D22F71E00CF5AD7 /* Setup.swift */ = {isa = PBXFileReference; fileEncoding = 4; lastKnownFileType = sourcecode.swift; name = Setup.swift; path = ../Setup.swift; sourceTree = "<group>"; };
		EED8C4E01D22FA5E00CF5AD7 /* HomeViewController.swift */ = {isa = PBXFileReference; fileEncoding = 4; lastKnownFileType = sourcecode.swift; path = HomeViewController.swift; sourceTree = "<group>"; };
		EED8C4E21D23035500CF5AD7 /* API.swift */ = {isa = PBXFileReference; fileEncoding = 4; lastKnownFileType = sourcecode.swift; path = API.swift; sourceTree = "<group>"; };
		EED8C4E41D23078000CF5AD7 /* Repository.swift */ = {isa = PBXFileReference; fileEncoding = 4; lastKnownFileType = sourcecode.swift; path = Repository.swift; sourceTree = "<group>"; };
		EED8C4E61D23078E00CF5AD7 /* Owner.swift */ = {isa = PBXFileReference; fileEncoding = 4; lastKnownFileType = sourcecode.swift; path = Owner.swift; sourceTree = "<group>"; };
		EED8C4E81D23138D00CF5AD7 /* Additions.swift */ = {isa = PBXFileReference; fileEncoding = 4; lastKnownFileType = sourcecode.swift; path = Additions.swift; sourceTree = "<group>"; };
/* End PBXFileReference section */

/* Begin PBXFrameworksBuildPhase section */
		EED8C4651D21994B00CF5AD7 /* Frameworks */ = {
			isa = PBXFrameworksBuildPhase;
			buildActionMask = 2147483647;
			files = (
			);
			runOnlyForDeploymentPostprocessing = 0;
		};
/* End PBXFrameworksBuildPhase section */

/* Begin PBXGroup section */
		EED8C45F1D21994B00CF5AD7 = {
			isa = PBXGroup;
			children = (
				EED8C4DB1D22F5CC00CF5AD7 /* images.png */,
				EED8C46A1D21994B00CF5AD7 /* GoGoGithub */,
				EED8C4691D21994B00CF5AD7 /* Products */,
			);
			sourceTree = "<group>";
		};
		EED8C4691D21994B00CF5AD7 /* Products */ = {
			isa = PBXGroup;
			children = (
				EED8C4681D21994B00CF5AD7 /* GoGoGithub.app */,
			);
			name = Products;
			sourceTree = "<group>";
		};
		EED8C46A1D21994B00CF5AD7 /* GoGoGithub */ = {
			isa = PBXGroup;
			children = (
				EED8C4D71D22E91400CF5AD7 /* API */,
				EED8C4D81D22E92F00CF5AD7 /* App Global */,
				EED8C4D91D22E98C00CF5AD7 /* Controllers */,
				EED8C4DF1D22F99300CF5AD7 /* Model */,
				EED8C4DA1D22E99A00CF5AD7 /* View */,
				EED8C47F1D219D5300CF5AD7 /* Credentials.swift */,
			);
			path = GoGoGithub;
			sourceTree = "<group>";
		};
		EED8C4D71D22E91400CF5AD7 /* API */ = {
			isa = PBXGroup;
			children = (
				EED8C4E81D23138D00CF5AD7 /* Additions.swift */,
				EED8C4E21D23035500CF5AD7 /* API.swift */,
				EED8C47D1D219A5F00CF5AD7 /* GItHubOauth.swift */,
			);
			name = API;
			sourceTree = "<group>";
		};
		EED8C4D81D22E92F00CF5AD7 /* App Global */ = {
			isa = PBXGroup;
			children = (
				EED8C46B1D21994B00CF5AD7 /* AppDelegate.swift */,
				EED8C4771D21994B00CF5AD7 /* Info.plist */,
			);
			name = "App Global";
			sourceTree = "<group>";
		};
		EED8C4D91D22E98C00CF5AD7 /* Controllers */ = {
			isa = PBXGroup;
			children = (
				EED8C4E01D22FA5E00CF5AD7 /* HomeViewController.swift */,
				EED8C46D1D21994B00CF5AD7 /* ViewController.swift */,
			);
			name = Controllers;
			sourceTree = "<group>";
		};
		EED8C4DA1D22E99A00CF5AD7 /* View */ = {
			isa = PBXGroup;
			children = (
				EED8C4721D21994B00CF5AD7 /* Assets.xcassets */,
				EED8C4741D21994B00CF5AD7 /* LaunchScreen.storyboard */,
				EED8C46F1D21994B00CF5AD7 /* Main.storyboard */,
			);
			name = View;
			sourceTree = "<group>";
		};
		EED8C4DF1D22F99300CF5AD7 /* Model */ = {
			isa = PBXGroup;
			children = (
				EED8C4E61D23078E00CF5AD7 /* Owner.swift */,
				EED8C4E41D23078000CF5AD7 /* Repository.swift */,
				EED8C4DD1D22F71E00CF5AD7 /* Setup.swift */,
			);
			name = Model;
			sourceTree = "<group>";
		};
/* End PBXGroup section */

/* Begin PBXNativeTarget section */
		EED8C4671D21994B00CF5AD7 /* GoGoGithub */ = {
			isa = PBXNativeTarget;
			buildConfigurationList = EED8C47A1D21994B00CF5AD7 /* Build configuration list for PBXNativeTarget "GoGoGithub" */;
			buildPhases = (
				EED8C4641D21994B00CF5AD7 /* Sources */,
				EED8C4651D21994B00CF5AD7 /* Frameworks */,
				EED8C4661D21994B00CF5AD7 /* Resources */,
			);
			buildRules = (
			);
			dependencies = (
			);
			name = GoGoGithub;
			productName = GoGoGithub;
			productReference = EED8C4681D21994B00CF5AD7 /* GoGoGithub.app */;
			productType = "com.apple.product-type.application";
		};
/* End PBXNativeTarget section */

/* Begin PBXProject section */
		EED8C4601D21994B00CF5AD7 /* Project object */ = {
			isa = PBXProject;
			attributes = {
				LastSwiftUpdateCheck = 0730;
				LastUpgradeCheck = 0730;
				ORGANIZATIONNAME = "hannah gaskins";
				TargetAttributes = {
					EED8C4671D21994B00CF5AD7 = {
						CreatedOnToolsVersion = 7.3.1;
					};
				};
			};
			buildConfigurationList = EED8C4631D21994B00CF5AD7 /* Build configuration list for PBXProject "GoGoGithub" */;
			compatibilityVersion = "Xcode 3.2";
			developmentRegion = English;
			hasScannedForEncodings = 0;
			knownRegions = (
				en,
				Base,
			);
			mainGroup = EED8C45F1D21994B00CF5AD7;
			productRefGroup = EED8C4691D21994B00CF5AD7 /* Products */;
			projectDirPath = "";
			projectRoot = "";
			targets = (
				EED8C4671D21994B00CF5AD7 /* GoGoGithub */,
			);
		};
/* End PBXProject section */

/* Begin PBXResourcesBuildPhase section */
		EED8C4661D21994B00CF5AD7 /* Resources */ = {
			isa = PBXResourcesBuildPhase;
			buildActionMask = 2147483647;
			files = (
				EED8C4761D21994B00CF5AD7 /* LaunchScreen.storyboard in Resources */,
				EED8C4731D21994B00CF5AD7 /* Assets.xcassets in Resources */,
				EED8C4711D21994B00CF5AD7 /* Main.storyboard in Resources */,
				EED8C4DC1D22F5CC00CF5AD7 /* images.png in Resources */,
			);
			runOnlyForDeploymentPostprocessing = 0;
		};
/* End PBXResourcesBuildPhase section */

/* Begin PBXSourcesBuildPhase section */
		EED8C4641D21994B00CF5AD7 /* Sources */ = {
			isa = PBXSourcesBuildPhase;
			buildActionMask = 2147483647;
			files = (
				EED8C46E1D21994B00CF5AD7 /* ViewController.swift in Sources */,
				EED8C4E91D23138D00CF5AD7 /* Additions.swift in Sources */,
				EED8C46C1D21994B00CF5AD7 /* AppDelegate.swift in Sources */,
				EED8C4801D219D5300CF5AD7 /* Credentials.swift in Sources */,
				EED8C4E51D23078000CF5AD7 /* Repository.swift in Sources */,
				EED8C4E71D23078E00CF5AD7 /* Owner.swift in Sources */,
				EED8C4DE1D22F71E00CF5AD7 /* Setup.swift in Sources */,
				EED8C47E1D219A5F00CF5AD7 /* GItHubOauth.swift in Sources */,
				EED8C4E11D22FA5E00CF5AD7 /* HomeViewController.swift in Sources */,
				EED8C4E31D23035500CF5AD7 /* API.swift in Sources */,
			);
			runOnlyForDeploymentPostprocessing = 0;
		};
/* End PBXSourcesBuildPhase section */

/* Begin PBXVariantGroup section */
		EED8C46F1D21994B00CF5AD7 /* Main.storyboard */ = {
			isa = PBXVariantGroup;
			children = (
				EED8C4701D21994B00CF5AD7 /* Base */,
			);
			name = Main.storyboard;
			sourceTree = "<group>";
		};
		EED8C4741D21994B00CF5AD7 /* LaunchScreen.storyboard */ = {
			isa = PBXVariantGroup;
			children = (
				EED8C4751D21994B00CF5AD7 /* Base */,
			);
			name = LaunchScreen.storyboard;
			sourceTree = "<group>";
		};
/* End PBXVariantGroup section */

/* Begin XCBuildConfiguration section */
		EED8C4781D21994B00CF5AD7 /* Debug */ = {
			isa = XCBuildConfiguration;
			buildSettings = {
				ALWAYS_SEARCH_USER_PATHS = NO;
				CLANG_ANALYZER_NONNULL = YES;
				CLANG_CXX_LANGUAGE_STANDARD = "gnu++0x";
				CLANG_CXX_LIBRARY = "libc++";
				CLANG_ENABLE_MODULES = YES;
				CLANG_ENABLE_OBJC_ARC = YES;
				CLANG_WARN_BOOL_CONVERSION = YES;
				CLANG_WARN_CONSTANT_CONVERSION = YES;
				CLANG_WARN_DIRECT_OBJC_ISA_USAGE = YES_ERROR;
				CLANG_WARN_EMPTY_BODY = YES;
				CLANG_WARN_ENUM_CONVERSION = YES;
				CLANG_WARN_INT_CONVERSION = YES;
				CLANG_WARN_OBJC_ROOT_CLASS = YES_ERROR;
				CLANG_WARN_UNREACHABLE_CODE = YES;
				CLANG_WARN__DUPLICATE_METHOD_MATCH = YES;
				"CODE_SIGN_IDENTITY[sdk=iphoneos*]" = "iPhone Developer";
				COPY_PHASE_STRIP = NO;
				DEBUG_INFORMATION_FORMAT = dwarf;
				ENABLE_STRICT_OBJC_MSGSEND = YES;
				ENABLE_TESTABILITY = YES;
				GCC_C_LANGUAGE_STANDARD = gnu99;
				GCC_DYNAMIC_NO_PIC = NO;
				GCC_NO_COMMON_BLOCKS = YES;
				GCC_OPTIMIZATION_LEVEL = 0;
				GCC_PREPROCESSOR_DEFINITIONS = (
					"DEBUG=1",
					"$(inherited)",
				);
				GCC_WARN_64_TO_32_BIT_CONVERSION = YES;
				GCC_WARN_ABOUT_RETURN_TYPE = YES_ERROR;
				GCC_WARN_UNDECLARED_SELECTOR = YES;
				GCC_WARN_UNINITIALIZED_AUTOS = YES_AGGRESSIVE;
				GCC_WARN_UNUSED_FUNCTION = YES;
				GCC_WARN_UNUSED_VARIABLE = YES;
				IPHONEOS_DEPLOYMENT_TARGET = 9.3;
				MTL_ENABLE_DEBUG_INFO = YES;
				ONLY_ACTIVE_ARCH = YES;
				SDKROOT = iphoneos;
				SWIFT_OPTIMIZATION_LEVEL = "-Onone";
				TARGETED_DEVICE_FAMILY = "1,2";
			};
			name = Debug;
		};
		EED8C4791D21994B00CF5AD7 /* Release */ = {
			isa = XCBuildConfiguration;
			buildSettings = {
				ALWAYS_SEARCH_USER_PATHS = NO;
				CLANG_ANALYZER_NONNULL = YES;
				CLANG_CXX_LANGUAGE_STANDARD = "gnu++0x";
				CLANG_CXX_LIBRARY = "libc++";
				CLANG_ENABLE_MODULES = YES;
				CLANG_ENABLE_OBJC_ARC = YES;
				CLANG_WARN_BOOL_CONVERSION = YES;
				CLANG_WARN_CONSTANT_CONVERSION = YES;
				CLANG_WARN_DIRECT_OBJC_ISA_USAGE = YES_ERROR;
				CLANG_WARN_EMPTY_BODY = YES;
				CLANG_WARN_ENUM_CONVERSION = YES;
				CLANG_WARN_INT_CONVERSION = YES;
				CLANG_WARN_OBJC_ROOT_CLASS = YES_ERROR;
				CLANG_WARN_UNREACHABLE_CODE = YES;
				CLANG_WARN__DUPLICATE_METHOD_MATCH = YES;
				"CODE_SIGN_IDENTITY[sdk=iphoneos*]" = "iPhone Developer";
				COPY_PHASE_STRIP = NO;
				DEBUG_INFORMATION_FORMAT = "dwarf-with-dsym";
				ENABLE_NS_ASSERTIONS = NO;
				ENABLE_STRICT_OBJC_MSGSEND = YES;
				GCC_C_LANGUAGE_STANDARD = gnu99;
				GCC_NO_COMMON_BLOCKS = YES;
				GCC_WARN_64_TO_32_BIT_CONVERSION = YES;
				GCC_WARN_ABOUT_RETURN_TYPE = YES_ERROR;
				GCC_WARN_UNDECLARED_SELECTOR = YES;
				GCC_WARN_UNINITIALIZED_AUTOS = YES_AGGRESSIVE;
				GCC_WARN_UNUSED_FUNCTION = YES;
				GCC_WARN_UNUSED_VARIABLE = YES;
				IPHONEOS_DEPLOYMENT_TARGET = 9.3;
				MTL_ENABLE_DEBUG_INFO = NO;
				SDKROOT = iphoneos;
				TARGETED_DEVICE_FAMILY = "1,2";
				VALIDATE_PRODUCT = YES;
			};
			name = Release;
		};
		EED8C47B1D21994B00CF5AD7 /* Debug */ = {
			isa = XCBuildConfiguration;
			buildSettings = {
				ASSETCATALOG_COMPILER_APPICON_NAME = AppIcon;
				INFOPLIST_FILE = GoGoGithub/Info.plist;
				LD_RUNPATH_SEARCH_PATHS = "$(inherited) @executable_path/Frameworks";
				PRODUCT_BUNDLE_IDENTIFIER = com.hannahgaskins.GoGoGithub;
				PRODUCT_NAME = "$(TARGET_NAME)";
			};
			name = Debug;
		};
		EED8C47C1D21994B00CF5AD7 /* Release */ = {
			isa = XCBuildConfiguration;
			buildSettings = {
				ASSETCATALOG_COMPILER_APPICON_NAME = AppIcon;
				INFOPLIST_FILE = GoGoGithub/Info.plist;
				LD_RUNPATH_SEARCH_PATHS = "$(inherited) @executable_path/Frameworks";
				PRODUCT_BUNDLE_IDENTIFIER = com.hannahgaskins.GoGoGithub;
				PRODUCT_NAME = "$(TARGET_NAME)";
			};
			name = Release;
		};
/* End XCBuildConfiguration section */

/* Begin XCConfigurationList section */
		EED8C4631D21994B00CF5AD7 /* Build configuration list for PBXProject "GoGoGithub" */ = {
			isa = XCConfigurationList;
			buildConfigurations = (
				EED8C4781D21994B00CF5AD7 /* Debug */,
				EED8C4791D21994B00CF5AD7 /* Release */,
			);
			defaultConfigurationIsVisible = 0;
			defaultConfigurationName = Release;
		};
		EED8C47A1D21994B00CF5AD7 /* Build configuration list for PBXNativeTarget "GoGoGithub" */ = {
			isa = XCConfigurationList;
			buildConfigurations = (
				EED8C47B1D21994B00CF5AD7 /* Debug */,
				EED8C47C1D21994B00CF5AD7 /* Release */,
			);
			defaultConfigurationIsVisible = 0;
			defaultConfigurationName = Release;
		};
/* End XCConfigurationList section */
	};
	rootObject = EED8C4601D21994B00CF5AD7 /* Project object */;
}
